
Microsoft Visual Studio Solution File, Format Version 12.00
# Visual Studio Version 17
VisualStudioVersion = 17.8.34330.188
MinimumVisualStudioVersion = 10.0.40219.1
Project("{FAE04EC0-301F-11D3-BF4B-00C04F79EFBC}") = "PatronAdapter", "PatronAdapter\PatronAdapter.csproj", "{F6539FEF-2AB8-47B9-80A2-AD482387ECC6}"
EndProject
Global
	GlobalSection(SolutionConfigurationPlatforms) = preSolution
		Debug|Any CPU = Debug|Any CPU
		Release|Any CPU = Release|Any CPU
	EndGlobalSection
	GlobalSection(ProjectConfigurationPlatforms) = postSolution
		{F6539FEF-2AB8-47B9-80A2-AD482387ECC6}.Debug|Any CPU.ActiveCfg = Debug|Any CPU
		{F6539FEF-2AB8-47B9-80A2-AD482387ECC6}.Debug|Any CPU.Build.0 = Debug|Any CPU
		{F6539FEF-2AB8-47B9-80A2-AD482387ECC6}.Release|Any CPU.ActiveCfg = Release|Any CPU
		{F6539FEF-2AB8-47B9-80A2-AD482387ECC6}.Release|Any CPU.Build.0 = Release|Any CPU
	EndGlobalSection
	GlobalSection(SolutionProperties) = preSolution
		HideSolutionNode = FALSE
	EndGlobalSection
	GlobalSection(ExtensibilityGlobals) = postSolution
		SolutionGuid = {2C54308B-9089-4A4F-8140-7630F50CFBCC}
	EndGlobalSection
EndGlobal
